
Microsoft Visual Studio Solution File, Format Version 12.00
# Visual Studio Version 16
VisualStudioVersion = 16.0.29519.181
MinimumVisualStudioVersion = 10.0.40219.1
Project("{2150E333-8FDC-42A3-9474-1A3956D46DE8}") = "src", "src", "{37AF3977-2CE3-410F-BAC7-4EDC010A35E9}"
EndProject
Project("{2150E333-8FDC-42A3-9474-1A3956D46DE8}") = "Repository", "Repository", "{88207500-3930-4DB8-AF3A-5C6E7C5A9B2D}"
EndProject
Project("{FAE04EC0-301F-11D3-BF4B-00C04F79EFBC}") = "Skidbladnir.Repository.Abstractions", "src\Repository\Skidbladnir.Repository.Abstractions\Skidbladnir.Repository.Abstractions.csproj", "{15189243-A763-4AB9-9FFC-F780C80FE94D}"
EndProject
Project("{FAE04EC0-301F-11D3-BF4B-00C04F79EFBC}") = "Skidbladnir.Repository.MongoDB", "src\Repository\Skidbladnir.Repository.MongoDB\Skidbladnir.Repository.MongoDB.csproj", "{B82853F9-9F49-49B6-BF8F-FCB7C8A73914}"
EndProject
Project("{2150E333-8FDC-42A3-9474-1A3956D46DE8}") = "DataProtection", "DataProtection", "{DE41812D-55F8-4896-8673-05C49C11B80E}"
EndProject
Project("{FAE04EC0-301F-11D3-BF4B-00C04F79EFBC}") = "Skidbladnir.DataProtection.MongoDb", "src\DataProtection\Skidbladnir.DataProtection.MongoDb\Skidbladnir.DataProtection.MongoDb.csproj", "{8AE21054-55C9-4113-B55E-0B284F62CD76}"
EndProject
Project("{FAE04EC0-301F-11D3-BF4B-00C04F79EFBC}") = "Skidbladnir.DataProtection.Abstractions", "src\DataProtection\Skidbladnir.DataProtection.Abstractions\Skidbladnir.DataProtection.Abstractions.csproj", "{7DFE9539-7E41-4D31-9767-D55E1981C465}"
EndProject
Global
	GlobalSection(SolutionConfigurationPlatforms) = preSolution
		Debug|Any CPU = Debug|Any CPU
		Release|Any CPU = Release|Any CPU
	EndGlobalSection
	GlobalSection(ProjectConfigurationPlatforms) = postSolution
		{15189243-A763-4AB9-9FFC-F780C80FE94D}.Debug|Any CPU.ActiveCfg = Debug|Any CPU
		{15189243-A763-4AB9-9FFC-F780C80FE94D}.Debug|Any CPU.Build.0 = Debug|Any CPU
		{15189243-A763-4AB9-9FFC-F780C80FE94D}.Release|Any CPU.ActiveCfg = Release|Any CPU
		{15189243-A763-4AB9-9FFC-F780C80FE94D}.Release|Any CPU.Build.0 = Release|Any CPU
		{B82853F9-9F49-49B6-BF8F-FCB7C8A73914}.Debug|Any CPU.ActiveCfg = Debug|Any CPU
		{B82853F9-9F49-49B6-BF8F-FCB7C8A73914}.Debug|Any CPU.Build.0 = Debug|Any CPU
		{B82853F9-9F49-49B6-BF8F-FCB7C8A73914}.Release|Any CPU.ActiveCfg = Release|Any CPU
		{B82853F9-9F49-49B6-BF8F-FCB7C8A73914}.Release|Any CPU.Build.0 = Release|Any CPU
		{8AE21054-55C9-4113-B55E-0B284F62CD76}.Debug|Any CPU.ActiveCfg = Debug|Any CPU
		{8AE21054-55C9-4113-B55E-0B284F62CD76}.Debug|Any CPU.Build.0 = Debug|Any CPU
		{8AE21054-55C9-4113-B55E-0B284F62CD76}.Release|Any CPU.ActiveCfg = Release|Any CPU
		{8AE21054-55C9-4113-B55E-0B284F62CD76}.Release|Any CPU.Build.0 = Release|Any CPU
		{7DFE9539-7E41-4D31-9767-D55E1981C465}.Debug|Any CPU.ActiveCfg = Debug|Any CPU
		{7DFE9539-7E41-4D31-9767-D55E1981C465}.Debug|Any CPU.Build.0 = Debug|Any CPU
		{7DFE9539-7E41-4D31-9767-D55E1981C465}.Release|Any CPU.ActiveCfg = Release|Any CPU
		{7DFE9539-7E41-4D31-9767-D55E1981C465}.Release|Any CPU.Build.0 = Release|Any CPU
	EndGlobalSection
	GlobalSection(SolutionProperties) = preSolution
		HideSolutionNode = FALSE
	EndGlobalSection
	GlobalSection(NestedProjects) = preSolution
		{88207500-3930-4DB8-AF3A-5C6E7C5A9B2D} = {37AF3977-2CE3-410F-BAC7-4EDC010A35E9}
		{15189243-A763-4AB9-9FFC-F780C80FE94D} = {88207500-3930-4DB8-AF3A-5C6E7C5A9B2D}
		{B82853F9-9F49-49B6-BF8F-FCB7C8A73914} = {88207500-3930-4DB8-AF3A-5C6E7C5A9B2D}
		{DE41812D-55F8-4896-8673-05C49C11B80E} = {37AF3977-2CE3-410F-BAC7-4EDC010A35E9}
		{8AE21054-55C9-4113-B55E-0B284F62CD76} = {DE41812D-55F8-4896-8673-05C49C11B80E}
		{7DFE9539-7E41-4D31-9767-D55E1981C465} = {DE41812D-55F8-4896-8673-05C49C11B80E}
	EndGlobalSection
	GlobalSection(ExtensibilityGlobals) = postSolution
		SolutionGuid = {F5502508-B14D-4DDE-9CCF-2A62CF7C4F71}
	EndGlobalSection
EndGlobal
