
Microsoft Visual Studio Solution File, Format Version 12.00
# Visual Studio Version 16
VisualStudioVersion = 16.0.29519.181
MinimumVisualStudioVersion = 10.0.40219.1
Project("{2150E333-8FDC-42A3-9474-1A3956D46DE8}") = "src", "src", "{37AF3977-2CE3-410F-BAC7-4EDC010A35E9}"
EndProject
Project("{2150E333-8FDC-42A3-9474-1A3956D46DE8}") = "Repository", "Repository", "{88207500-3930-4DB8-AF3A-5C6E7C5A9B2D}"
EndProject
Project("{9A19103F-16F7-4668-BE54-9A1E7A4F7556}") = "Skidbladnir.Repository.Abstractions", "src\Repository\Skidbladnir.Repository.Abstractions\Skidbladnir.Repository.Abstractions.csproj", "{15189243-A763-4AB9-9FFC-F780C80FE94D}"
EndProject
Project("{9A19103F-16F7-4668-BE54-9A1E7A4F7556}") = "Skidbladnir.Repository.MongoDB", "src\Repository\Skidbladnir.Repository.MongoDB\Skidbladnir.Repository.MongoDB.csproj", "{B82853F9-9F49-49B6-BF8F-FCB7C8A73914}"
EndProject
Project("{2150E333-8FDC-42A3-9474-1A3956D46DE8}") = "DataProtection", "DataProtection", "{DE41812D-55F8-4896-8673-05C49C11B80E}"
EndProject
Project("{9A19103F-16F7-4668-BE54-9A1E7A4F7556}") = "Skidbladnir.DataProtection.MongoDb", "src\DataProtection\Skidbladnir.DataProtection.MongoDb\Skidbladnir.DataProtection.MongoDb.csproj", "{8AE21054-55C9-4113-B55E-0B284F62CD76}"
EndProject
Project("{2150E333-8FDC-42A3-9474-1A3956D46DE8}") = "Caching", "Caching", "{B1F0FC38-227B-4D4D-BE4A-B11F72CBA7B4}"
EndProject
Project("{9A19103F-16F7-4668-BE54-9A1E7A4F7556}") = "Skidbladnir.Caching.Distributed.MongoDB", "src\Caching\Skidbladnir.Caching.Distributed.MongoDB\Skidbladnir.Caching.Distributed.MongoDB.csproj", "{6FC2BF9A-59B5-4B62-BFC5-DACC653C59F8}"
EndProject
Project("{2150E333-8FDC-42A3-9474-1A3956D46DE8}") = "Client", "Client", "{022E20DB-2CD0-4EC5-BF68-146003AC92F6}"
EndProject
Project("{9A19103F-16F7-4668-BE54-9A1E7A4F7556}") = "Skidbladnir.Client.Freenom.Dns", "src\Client\Skidbladnir.Client.Freenom.Dns\Skidbladnir.Client.Freenom.Dns.csproj", "{FAE19BC3-FADE-4FFF-92F8-344C7DFD1487}"
EndProject
Project("{2150E333-8FDC-42A3-9474-1A3956D46DE8}") = "samples", "samples", "{6199389B-3C9E-4724-84C7-C8B04C587CFA}"
EndProject
Project("{2150E333-8FDC-42A3-9474-1A3956D46DE8}") = "Client", "Client", "{9C8EB98A-6687-4175-BABD-49A66908A79C}"
EndProject
Project("{9A19103F-16F7-4668-BE54-9A1E7A4F7556}") = "Skidbladnir.Client.Freenom.Dns.Sample", "samples\Client\Skidbladnir.Client.Freenom.Dns.Sample\Skidbladnir.Client.Freenom.Dns.Sample.csproj", "{97142D5A-0368-4C0E-B476-426446646619}"
EndProject
Project("{2150E333-8FDC-42A3-9474-1A3956D46DE8}") = "Storage", "Storage", "{3BD793D1-0CD1-43BC-8F90-38C352ABE4FA}"
EndProject
Project("{9A19103F-16F7-4668-BE54-9A1E7A4F7556}") = "Skidbladnir.Storage.Abstractions", "src\Storage\Skidbladnir.Storage.Abstractions\Skidbladnir.Storage.Abstractions.csproj", "{56A413F8-3276-44D7-92A4-2528980E1861}"
EndProject
Project("{2150E333-8FDC-42A3-9474-1A3956D46DE8}") = "Utility", "Utility", "{51A6A2A6-4761-4778-AF58-76E3F0C77E8D}"
EndProject
Project("{9A19103F-16F7-4668-BE54-9A1E7A4F7556}") = "Skidbladnir.Utility.Common", "src\Utility\Skidbladnir.Utility.Common\Skidbladnir.Utility.Common.csproj", "{840280FE-7127-4224-99E4-DACC62062041}"
EndProject
Project("{9A19103F-16F7-4668-BE54-9A1E7A4F7556}") = "Skidbladnir.Storage.LocalFileStorage", "src\Storage\Skidbladnir.Storage.LocalFileStorage\Skidbladnir.Storage.LocalFileStorage.csproj", "{448AABBD-D243-49DC-8DE7-C4A9E4F9E3B4}"
EndProject
Project("{2150E333-8FDC-42A3-9474-1A3956D46DE8}") = "Storage", "Storage", "{5B76C393-EF50-410E-A665-079A7A176DC7}"
EndProject
Project("{9A19103F-16F7-4668-BE54-9A1E7A4F7556}") = "Skidbladnir.Storage.LocalFileStorage.Sample", "samples\Storage\Skidbladnir.Storage.LocalFileStorage.Sample\Skidbladnir.Storage.LocalFileStorage.Sample.csproj", "{72A3A08A-BFDC-483E-9571-BB01AE4ADF02}"
EndProject
Project("{9A19103F-16F7-4668-BE54-9A1E7A4F7556}") = "Skidbladnir.Storage.GridFS", "src\Storage\Skidbladnir.Storage.GridFS\Skidbladnir.Storage.GridFS.csproj", "{544DF396-CBD2-4547-877A-98476F481F77}"
EndProject
Project("{9A19103F-16F7-4668-BE54-9A1E7A4F7556}") = "Skidbladnir.Storage.GridFsStorage.Sample", "samples\Storage\Skidbladnir.Storage.GridFsStorage.Sample\Skidbladnir.Storage.GridFsStorage.Sample.csproj", "{84E11C48-08BD-4B8B-A79C-61CF6537937C}"
EndProject
Project("{2150E333-8FDC-42A3-9474-1A3956D46DE8}") = "Modules", "Modules", "{636A0C37-ACFC-4BAB-A1A3-712D6F0E1F05}"
EndProject
Project("{9A19103F-16F7-4668-BE54-9A1E7A4F7556}") = "Skidbladnir.Modules", "src\Modules\Skidbladnir.Modules\Skidbladnir.Modules.csproj", "{5093E703-4FD5-4385-ACFC-F9F7954938AF}"
EndProject
Project("{2150E333-8FDC-42A3-9474-1A3956D46DE8}") = "test", "test", "{8FE808AC-92BD-4AC1-9078-EEEE65195E01}"
EndProject
Project("{9A19103F-16F7-4668-BE54-9A1E7A4F7556}") = "Skidbladnir.Modules.Tests", "test\Skidbladnir.Modules.Tests\Skidbladnir.Modules.Tests.csproj", "{AFC5C04B-A857-4660-80A0-7847E43AAB39}"
EndProject
Project("{2150E333-8FDC-42A3-9474-1A3956D46DE8}") = "Modules", "Modules", "{E76EA36E-34C3-4D40-B06E-52461A2DD763}"
EndProject
Project("{9A19103F-16F7-4668-BE54-9A1E7A4F7556}") = "Skidbladnir.Modules.Sample", "samples\Modules\Skidbladnir.Modules.Sample\Skidbladnir.Modules.Sample.csproj", "{09271968-0D3A-4C8B-AFF4-197EC023470B}"
EndProject
Project("{9A19103F-16F7-4668-BE54-9A1E7A4F7556}") = "Skidbladnir.Modules.Sample.Core", "samples\Modules\Skidbladnir.Modules.Sample.Core\Skidbladnir.Modules.Sample.Core.csproj", "{10E4437C-07F2-4EE3-BA27-0608A5A98A8D}"
EndProject
Project("{9A19103F-16F7-4668-BE54-9A1E7A4F7556}") = "Skidbladnir.Repository.EntityFrameworkCore", "src\Repository\Skidbladnir.Repository.EntityFrameworkCore\Skidbladnir.Repository.EntityFrameworkCore.csproj", "{E836A222-0C44-404F-AA86-F0E8AA799FBF}"
EndProject
Project("{2150E333-8FDC-42A3-9474-1A3956D46DE8}") = "Repository", "Repository", "{BBA27464-5F6B-4689-A374-DEC5C3D7F01E}"
EndProject
Project("{9A19103F-16F7-4668-BE54-9A1E7A4F7556}") = "Skidbkadnir.Repository.EntityFrameworkCore.Sample", "samples\Repository\Skidbkadnir.Repository.EntityFrameworkCore.Sample\Skidbkadnir.Repository.EntityFrameworkCore.Sample.csproj", "{E0EDD32B-D06F-47AD-B957-11D5C4FFD7CE}"
EndProject
Project("{FAE04EC0-301F-11D3-BF4B-00C04F79EFBC}") = "Skidbladnir.Storage.WebDav", "src\Storage\Skidbladnir.Storage.WebDav\Skidbladnir.Storage.WebDav.csproj", "{ECB26992-FBE0-47D6-8C0E-4A9CC953D506}"
EndProject
Project("{FAE04EC0-301F-11D3-BF4B-00C04F79EFBC}") = "Skidbladnir.Storage.WebDav.Sample", "samples\Storage\Skidbladnir.Storage.WebDav.Sample\Skidbladnir.Storage.WebDav.Sample.csproj", "{E1110F0B-FD10-4D2E-A1D9-92108F41B371}"
EndProject
Global
	GlobalSection(SolutionConfigurationPlatforms) = preSolution
		Debug|Any CPU = Debug|Any CPU
		Release|Any CPU = Release|Any CPU
	EndGlobalSection
	GlobalSection(ProjectConfigurationPlatforms) = postSolution
		{15189243-A763-4AB9-9FFC-F780C80FE94D}.Debug|Any CPU.ActiveCfg = Debug|Any CPU
		{15189243-A763-4AB9-9FFC-F780C80FE94D}.Debug|Any CPU.Build.0 = Debug|Any CPU
		{15189243-A763-4AB9-9FFC-F780C80FE94D}.Release|Any CPU.ActiveCfg = Release|Any CPU
		{15189243-A763-4AB9-9FFC-F780C80FE94D}.Release|Any CPU.Build.0 = Release|Any CPU
		{B82853F9-9F49-49B6-BF8F-FCB7C8A73914}.Debug|Any CPU.ActiveCfg = Debug|Any CPU
		{B82853F9-9F49-49B6-BF8F-FCB7C8A73914}.Debug|Any CPU.Build.0 = Debug|Any CPU
		{B82853F9-9F49-49B6-BF8F-FCB7C8A73914}.Release|Any CPU.ActiveCfg = Release|Any CPU
		{B82853F9-9F49-49B6-BF8F-FCB7C8A73914}.Release|Any CPU.Build.0 = Release|Any CPU
		{8AE21054-55C9-4113-B55E-0B284F62CD76}.Debug|Any CPU.ActiveCfg = Debug|Any CPU
		{8AE21054-55C9-4113-B55E-0B284F62CD76}.Debug|Any CPU.Build.0 = Debug|Any CPU
		{8AE21054-55C9-4113-B55E-0B284F62CD76}.Release|Any CPU.ActiveCfg = Release|Any CPU
		{8AE21054-55C9-4113-B55E-0B284F62CD76}.Release|Any CPU.Build.0 = Release|Any CPU
		{6FC2BF9A-59B5-4B62-BFC5-DACC653C59F8}.Debug|Any CPU.ActiveCfg = Debug|Any CPU
		{6FC2BF9A-59B5-4B62-BFC5-DACC653C59F8}.Debug|Any CPU.Build.0 = Debug|Any CPU
		{6FC2BF9A-59B5-4B62-BFC5-DACC653C59F8}.Release|Any CPU.ActiveCfg = Release|Any CPU
		{6FC2BF9A-59B5-4B62-BFC5-DACC653C59F8}.Release|Any CPU.Build.0 = Release|Any CPU
		{FAE19BC3-FADE-4FFF-92F8-344C7DFD1487}.Debug|Any CPU.ActiveCfg = Debug|Any CPU
		{FAE19BC3-FADE-4FFF-92F8-344C7DFD1487}.Debug|Any CPU.Build.0 = Debug|Any CPU
		{FAE19BC3-FADE-4FFF-92F8-344C7DFD1487}.Release|Any CPU.ActiveCfg = Release|Any CPU
		{FAE19BC3-FADE-4FFF-92F8-344C7DFD1487}.Release|Any CPU.Build.0 = Release|Any CPU
		{97142D5A-0368-4C0E-B476-426446646619}.Debug|Any CPU.ActiveCfg = Debug|Any CPU
		{97142D5A-0368-4C0E-B476-426446646619}.Debug|Any CPU.Build.0 = Debug|Any CPU
		{97142D5A-0368-4C0E-B476-426446646619}.Release|Any CPU.ActiveCfg = Release|Any CPU
		{56A413F8-3276-44D7-92A4-2528980E1861}.Debug|Any CPU.ActiveCfg = Debug|Any CPU
		{56A413F8-3276-44D7-92A4-2528980E1861}.Debug|Any CPU.Build.0 = Debug|Any CPU
		{56A413F8-3276-44D7-92A4-2528980E1861}.Release|Any CPU.ActiveCfg = Release|Any CPU
		{56A413F8-3276-44D7-92A4-2528980E1861}.Release|Any CPU.Build.0 = Release|Any CPU
		{840280FE-7127-4224-99E4-DACC62062041}.Debug|Any CPU.ActiveCfg = Debug|Any CPU
		{840280FE-7127-4224-99E4-DACC62062041}.Debug|Any CPU.Build.0 = Debug|Any CPU
		{840280FE-7127-4224-99E4-DACC62062041}.Release|Any CPU.ActiveCfg = Release|Any CPU
		{840280FE-7127-4224-99E4-DACC62062041}.Release|Any CPU.Build.0 = Release|Any CPU
		{448AABBD-D243-49DC-8DE7-C4A9E4F9E3B4}.Debug|Any CPU.ActiveCfg = Debug|Any CPU
		{448AABBD-D243-49DC-8DE7-C4A9E4F9E3B4}.Debug|Any CPU.Build.0 = Debug|Any CPU
		{448AABBD-D243-49DC-8DE7-C4A9E4F9E3B4}.Release|Any CPU.ActiveCfg = Release|Any CPU
		{448AABBD-D243-49DC-8DE7-C4A9E4F9E3B4}.Release|Any CPU.Build.0 = Release|Any CPU
		{72A3A08A-BFDC-483E-9571-BB01AE4ADF02}.Debug|Any CPU.ActiveCfg = Debug|Any CPU
		{72A3A08A-BFDC-483E-9571-BB01AE4ADF02}.Debug|Any CPU.Build.0 = Debug|Any CPU
		{72A3A08A-BFDC-483E-9571-BB01AE4ADF02}.Release|Any CPU.ActiveCfg = Release|Any CPU
		{544DF396-CBD2-4547-877A-98476F481F77}.Debug|Any CPU.ActiveCfg = Debug|Any CPU
		{544DF396-CBD2-4547-877A-98476F481F77}.Debug|Any CPU.Build.0 = Debug|Any CPU
		{544DF396-CBD2-4547-877A-98476F481F77}.Release|Any CPU.ActiveCfg = Release|Any CPU
		{544DF396-CBD2-4547-877A-98476F481F77}.Release|Any CPU.Build.0 = Release|Any CPU
		{84E11C48-08BD-4B8B-A79C-61CF6537937C}.Debug|Any CPU.ActiveCfg = Debug|Any CPU
		{84E11C48-08BD-4B8B-A79C-61CF6537937C}.Debug|Any CPU.Build.0 = Debug|Any CPU
		{84E11C48-08BD-4B8B-A79C-61CF6537937C}.Release|Any CPU.ActiveCfg = Release|Any CPU
		{5093E703-4FD5-4385-ACFC-F9F7954938AF}.Debug|Any CPU.ActiveCfg = Debug|Any CPU
		{5093E703-4FD5-4385-ACFC-F9F7954938AF}.Debug|Any CPU.Build.0 = Debug|Any CPU
		{5093E703-4FD5-4385-ACFC-F9F7954938AF}.Release|Any CPU.ActiveCfg = Release|Any CPU
		{5093E703-4FD5-4385-ACFC-F9F7954938AF}.Release|Any CPU.Build.0 = Release|Any CPU
		{AFC5C04B-A857-4660-80A0-7847E43AAB39}.Debug|Any CPU.ActiveCfg = Debug|Any CPU
		{AFC5C04B-A857-4660-80A0-7847E43AAB39}.Debug|Any CPU.Build.0 = Debug|Any CPU
		{AFC5C04B-A857-4660-80A0-7847E43AAB39}.Release|Any CPU.ActiveCfg = Release|Any CPU
		{AFC5C04B-A857-4660-80A0-7847E43AAB39}.Release|Any CPU.Build.0 = Release|Any CPU
		{09271968-0D3A-4C8B-AFF4-197EC023470B}.Debug|Any CPU.ActiveCfg = Debug|Any CPU
		{09271968-0D3A-4C8B-AFF4-197EC023470B}.Debug|Any CPU.Build.0 = Debug|Any CPU
		{09271968-0D3A-4C8B-AFF4-197EC023470B}.Release|Any CPU.ActiveCfg = Release|Any CPU
		{10E4437C-07F2-4EE3-BA27-0608A5A98A8D}.Debug|Any CPU.ActiveCfg = Debug|Any CPU
		{10E4437C-07F2-4EE3-BA27-0608A5A98A8D}.Debug|Any CPU.Build.0 = Debug|Any CPU
		{10E4437C-07F2-4EE3-BA27-0608A5A98A8D}.Release|Any CPU.ActiveCfg = Release|Any CPU
		{10E4437C-07F2-4EE3-BA27-0608A5A98A8D}.Release|Any CPU.Build.0 = Release|Any CPU
		{E836A222-0C44-404F-AA86-F0E8AA799FBF}.Debug|Any CPU.ActiveCfg = Debug|Any CPU
		{E836A222-0C44-404F-AA86-F0E8AA799FBF}.Debug|Any CPU.Build.0 = Debug|Any CPU
		{E836A222-0C44-404F-AA86-F0E8AA799FBF}.Release|Any CPU.ActiveCfg = Release|Any CPU
		{E836A222-0C44-404F-AA86-F0E8AA799FBF}.Release|Any CPU.Build.0 = Release|Any CPU
		{E0EDD32B-D06F-47AD-B957-11D5C4FFD7CE}.Debug|Any CPU.ActiveCfg = Debug|Any CPU
		{E0EDD32B-D06F-47AD-B957-11D5C4FFD7CE}.Debug|Any CPU.Build.0 = Debug|Any CPU
		{E0EDD32B-D06F-47AD-B957-11D5C4FFD7CE}.Release|Any CPU.ActiveCfg = Release|Any CPU
		{E0EDD32B-D06F-47AD-B957-11D5C4FFD7CE}.Release|Any CPU.Build.0 = Release|Any CPU
		{ECB26992-FBE0-47D6-8C0E-4A9CC953D506}.Debug|Any CPU.ActiveCfg = Debug|Any CPU
		{ECB26992-FBE0-47D6-8C0E-4A9CC953D506}.Debug|Any CPU.Build.0 = Debug|Any CPU
		{ECB26992-FBE0-47D6-8C0E-4A9CC953D506}.Release|Any CPU.ActiveCfg = Release|Any CPU
		{ECB26992-FBE0-47D6-8C0E-4A9CC953D506}.Release|Any CPU.Build.0 = Release|Any CPU
		{E1110F0B-FD10-4D2E-A1D9-92108F41B371}.Debug|Any CPU.ActiveCfg = Debug|Any CPU
		{E1110F0B-FD10-4D2E-A1D9-92108F41B371}.Debug|Any CPU.Build.0 = Debug|Any CPU
		{E1110F0B-FD10-4D2E-A1D9-92108F41B371}.Release|Any CPU.ActiveCfg = Release|Any CPU
		{E1110F0B-FD10-4D2E-A1D9-92108F41B371}.Release|Any CPU.Build.0 = Release|Any CPU
	EndGlobalSection
	GlobalSection(SolutionProperties) = preSolution
		HideSolutionNode = FALSE
	EndGlobalSection
	GlobalSection(NestedProjects) = preSolution
		{88207500-3930-4DB8-AF3A-5C6E7C5A9B2D} = {37AF3977-2CE3-410F-BAC7-4EDC010A35E9}
		{15189243-A763-4AB9-9FFC-F780C80FE94D} = {88207500-3930-4DB8-AF3A-5C6E7C5A9B2D}
		{B82853F9-9F49-49B6-BF8F-FCB7C8A73914} = {88207500-3930-4DB8-AF3A-5C6E7C5A9B2D}
		{DE41812D-55F8-4896-8673-05C49C11B80E} = {37AF3977-2CE3-410F-BAC7-4EDC010A35E9}
		{8AE21054-55C9-4113-B55E-0B284F62CD76} = {DE41812D-55F8-4896-8673-05C49C11B80E}
		{B1F0FC38-227B-4D4D-BE4A-B11F72CBA7B4} = {37AF3977-2CE3-410F-BAC7-4EDC010A35E9}
		{6FC2BF9A-59B5-4B62-BFC5-DACC653C59F8} = {B1F0FC38-227B-4D4D-BE4A-B11F72CBA7B4}
		{022E20DB-2CD0-4EC5-BF68-146003AC92F6} = {37AF3977-2CE3-410F-BAC7-4EDC010A35E9}
		{FAE19BC3-FADE-4FFF-92F8-344C7DFD1487} = {022E20DB-2CD0-4EC5-BF68-146003AC92F6}
		{9C8EB98A-6687-4175-BABD-49A66908A79C} = {6199389B-3C9E-4724-84C7-C8B04C587CFA}
		{97142D5A-0368-4C0E-B476-426446646619} = {9C8EB98A-6687-4175-BABD-49A66908A79C}
		{3BD793D1-0CD1-43BC-8F90-38C352ABE4FA} = {37AF3977-2CE3-410F-BAC7-4EDC010A35E9}
		{56A413F8-3276-44D7-92A4-2528980E1861} = {3BD793D1-0CD1-43BC-8F90-38C352ABE4FA}
		{51A6A2A6-4761-4778-AF58-76E3F0C77E8D} = {37AF3977-2CE3-410F-BAC7-4EDC010A35E9}
		{840280FE-7127-4224-99E4-DACC62062041} = {51A6A2A6-4761-4778-AF58-76E3F0C77E8D}
		{448AABBD-D243-49DC-8DE7-C4A9E4F9E3B4} = {3BD793D1-0CD1-43BC-8F90-38C352ABE4FA}
		{5B76C393-EF50-410E-A665-079A7A176DC7} = {6199389B-3C9E-4724-84C7-C8B04C587CFA}
		{72A3A08A-BFDC-483E-9571-BB01AE4ADF02} = {5B76C393-EF50-410E-A665-079A7A176DC7}
		{544DF396-CBD2-4547-877A-98476F481F77} = {3BD793D1-0CD1-43BC-8F90-38C352ABE4FA}
		{84E11C48-08BD-4B8B-A79C-61CF6537937C} = {5B76C393-EF50-410E-A665-079A7A176DC7}
		{636A0C37-ACFC-4BAB-A1A3-712D6F0E1F05} = {37AF3977-2CE3-410F-BAC7-4EDC010A35E9}
		{5093E703-4FD5-4385-ACFC-F9F7954938AF} = {636A0C37-ACFC-4BAB-A1A3-712D6F0E1F05}
		{AFC5C04B-A857-4660-80A0-7847E43AAB39} = {8FE808AC-92BD-4AC1-9078-EEEE65195E01}
		{E76EA36E-34C3-4D40-B06E-52461A2DD763} = {6199389B-3C9E-4724-84C7-C8B04C587CFA}
		{09271968-0D3A-4C8B-AFF4-197EC023470B} = {E76EA36E-34C3-4D40-B06E-52461A2DD763}
		{10E4437C-07F2-4EE3-BA27-0608A5A98A8D} = {E76EA36E-34C3-4D40-B06E-52461A2DD763}
		{E836A222-0C44-404F-AA86-F0E8AA799FBF} = {88207500-3930-4DB8-AF3A-5C6E7C5A9B2D}
		{BBA27464-5F6B-4689-A374-DEC5C3D7F01E} = {6199389B-3C9E-4724-84C7-C8B04C587CFA}
		{E0EDD32B-D06F-47AD-B957-11D5C4FFD7CE} = {BBA27464-5F6B-4689-A374-DEC5C3D7F01E}
		{ECB26992-FBE0-47D6-8C0E-4A9CC953D506} = {3BD793D1-0CD1-43BC-8F90-38C352ABE4FA}
		{E1110F0B-FD10-4D2E-A1D9-92108F41B371} = {5B76C393-EF50-410E-A665-079A7A176DC7}
	EndGlobalSection
	GlobalSection(ExtensibilityGlobals) = postSolution
		SolutionGuid = {F5502508-B14D-4DDE-9CCF-2A62CF7C4F71}
	EndGlobalSection
EndGlobal
